
Microsoft Visual Studio Solution File, Format Version 12.00
# Visual Studio Version 16
VisualStudioVersion = 16.0.31729.503
MinimumVisualStudioVersion = 10.0.40219.1
Project("{FAE04EC0-301F-11D3-BF4B-00C04F79EFBC}") = "PoolClub", "PoolClub.csproj", "{1D669B8E-1851-4134-B063-8F3CF251417F}"
EndProject
Global
	GlobalSection(SolutionConfigurationPlatforms) = preSolution
		Debug|Any CPU = Debug|Any CPU
		Release|Any CPU = Release|Any CPU
	EndGlobalSection
	GlobalSection(ProjectConfigurationPlatforms) = postSolution
		{1D669B8E-1851-4134-B063-8F3CF251417F}.Debug|Any CPU.ActiveCfg = Debug|Any CPU
		{1D669B8E-1851-4134-B063-8F3CF251417F}.Debug|Any CPU.Build.0 = Debug|Any CPU
		{1D669B8E-1851-4134-B063-8F3CF251417F}.Release|Any CPU.ActiveCfg = Release|Any CPU
		{1D669B8E-1851-4134-B063-8F3CF251417F}.Release|Any CPU.Build.0 = Release|Any CPU
	EndGlobalSection
	GlobalSection(SolutionProperties) = preSolution
		HideSolutionNode = FALSE
	EndGlobalSection
	GlobalSection(ExtensibilityGlobals) = postSolution
		SolutionGuid = {0AE8B562-EAEC-40F8-9C15-C7575D38A4AF}
	EndGlobalSection
EndGlobal
